
Microsoft Visual Studio Solution File, Format Version 12.00
Project("{FAE04EC0-301F-11D3-BF4B-00C04F79EFBC}") = "LacoFor", "LacoFor.csproj", "{CAC2716B-1E98-4EF1-B19B-1DB2AF21D8E3}"
EndProject
Global
	GlobalSection(SolutionConfigurationPlatforms) = preSolution
		Debug|Any CPU = Debug|Any CPU
		Release|Any CPU = Release|Any CPU
	EndGlobalSection
	GlobalSection(ProjectConfigurationPlatforms) = postSolution
		{CAC2716B-1E98-4EF1-B19B-1DB2AF21D8E3}.Debug|Any CPU.ActiveCfg = Debug|Any CPU
		{CAC2716B-1E98-4EF1-B19B-1DB2AF21D8E3}.Debug|Any CPU.Build.0 = Debug|Any CPU
		{CAC2716B-1E98-4EF1-B19B-1DB2AF21D8E3}.Release|Any CPU.ActiveCfg = Release|Any CPU
		{CAC2716B-1E98-4EF1-B19B-1DB2AF21D8E3}.Release|Any CPU.Build.0 = Release|Any CPU
	EndGlobalSection
EndGlobal
